
Microsoft Visual Studio Solution File, Format Version 12.00
# Visual Studio Version 16
VisualStudioVersion = 16.0.30114.105
MinimumVisualStudioVersion = 10.0.40219.1
Project("{FAE04EC0-301F-11D3-BF4B-00C04F79EFBC}") = "ATM System", "ATM System.csproj", "{55ACE38C-8A60-4B02-8B90-1B24A1D94005}"
EndProject
Global
	GlobalSection(SolutionConfigurationPlatforms) = preSolution
		Debug|Any CPU = Debug|Any CPU
		Release|Any CPU = Release|Any CPU
	EndGlobalSection
	GlobalSection(ProjectConfigurationPlatforms) = postSolution
		{55ACE38C-8A60-4B02-8B90-1B24A1D94005}.Debug|Any CPU.ActiveCfg = Debug|Any CPU
		{55ACE38C-8A60-4B02-8B90-1B24A1D94005}.Debug|Any CPU.Build.0 = Debug|Any CPU
		{55ACE38C-8A60-4B02-8B90-1B24A1D94005}.Release|Any CPU.ActiveCfg = Release|Any CPU
		{55ACE38C-8A60-4B02-8B90-1B24A1D94005}.Release|Any CPU.Build.0 = Release|Any CPU
	EndGlobalSection
	GlobalSection(SolutionProperties) = preSolution
		HideSolutionNode = FALSE
	EndGlobalSection
	GlobalSection(ExtensibilityGlobals) = postSolution
		SolutionGuid = {97029584-7BBA-455A-8908-BBC5C3487EE9}
	EndGlobalSection
EndGlobal
